// !$*UTF8*$!
{
	archiveVersion = 1;
	classes = {
	};
	objectVersion = 46;
	objects = {

/* Begin PBXBuildFile section */
		84FA14541C60967F0025BB35 /* AppDelegate.swift in Sources */ = {isa = PBXBuildFile; fileRef = 84FA14531C60967F0025BB35 /* AppDelegate.swift */; };
		84FA14561C60967F0025BB35 /* ViewController.swift in Sources */ = {isa = PBXBuildFile; fileRef = 84FA14551C60967F0025BB35 /* ViewController.swift */; };
		84FA14591C60967F0025BB35 /* Main.storyboard in Resources */ = {isa = PBXBuildFile; fileRef = 84FA14571C60967F0025BB35 /* Main.storyboard */; };
		84FA145B1C60967F0025BB35 /* Assets.xcassets in Resources */ = {isa = PBXBuildFile; fileRef = 84FA145A1C60967F0025BB35 /* Assets.xcassets */; };
		84FA145E1C60967F0025BB35 /* LaunchScreen.storyboard in Resources */ = {isa = PBXBuildFile; fileRef = 84FA145C1C60967F0025BB35 /* LaunchScreen.storyboard */; };
		84FA14691C60967F0025BB35 /* SuperCoolTests.swift in Sources */ = {isa = PBXBuildFile; fileRef = 84FA14681C60967F0025BB35 /* SuperCoolTests.swift */; };
		84FA14741C60967F0025BB35 /* SuperCoolUITests.swift in Sources */ = {isa = PBXBuildFile; fileRef = 84FA14731C60967F0025BB35 /* SuperCoolUITests.swift */; };
/* End PBXBuildFile section */

/* Begin PBXContainerItemProxy section */
		84FA14651C60967F0025BB35 /* PBXContainerItemProxy */ = {
			isa = PBXContainerItemProxy;
			containerPortal = 84FA14481C60967E0025BB35 /* Project object */;
			proxyType = 1;
			remoteGlobalIDString = 84FA144F1C60967E0025BB35;
			remoteInfo = SuperCool;
		};
		84FA14701C60967F0025BB35 /* PBXContainerItemProxy */ = {
			isa = PBXContainerItemProxy;
			containerPortal = 84FA14481C60967E0025BB35 /* Project object */;
			proxyType = 1;
			remoteGlobalIDString = 84FA144F1C60967E0025BB35;
			remoteInfo = SuperCool;
		};
/* End PBXContainerItemProxy section */

/* Begin PBXFileReference section */
		84FA14501C60967E0025BB35 /* SuperCool.app */ = {isa = PBXFileReference; explicitFileType = wrapper.application; includeInIndex = 0; path = SuperCool.app; sourceTree = BUILT_PRODUCTS_DIR; };
		84FA14531C60967F0025BB35 /* AppDelegate.swift */ = {isa = PBXFileReference; lastKnownFileType = sourcecode.swift; path = AppDelegate.swift; sourceTree = "<group>"; };
		84FA14551C60967F0025BB35 /* ViewController.swift */ = {isa = PBXFileReference; lastKnownFileType = sourcecode.swift; path = ViewController.swift; sourceTree = "<group>"; };
		84FA14581C60967F0025BB35 /* Base */ = {isa = PBXFileReference; lastKnownFileType = file.storyboard; name = Base; path = Base.lproj/Main.storyboard; sourceTree = "<group>"; };
		84FA145A1C60967F0025BB35 /* Assets.xcassets */ = {isa = PBXFileReference; lastKnownFileType = folder.assetcatalog; path = Assets.xcassets; sourceTree = "<group>"; };
		84FA145D1C60967F0025BB35 /* Base */ = {isa = PBXFileReference; lastKnownFileType = file.storyboard; name = Base; path = Base.lproj/LaunchScreen.storyboard; sourceTree = "<group>"; };
		84FA145F1C60967F0025BB35 /* Info.plist */ = {isa = PBXFileReference; lastKnownFileType = text.plist.xml; path = Info.plist; sourceTree = "<group>"; };
		84FA14641C60967F0025BB35 /* SuperCoolTests.xctest */ = {isa = PBXFileReference; explicitFileType = wrapper.cfbundle; includeInIndex = 0; path = SuperCoolTests.xctest; sourceTree = BUILT_PRODUCTS_DIR; };
		84FA14681C60967F0025BB35 /* SuperCoolTests.swift */ = {isa = PBXFileReference; lastKnownFileType = sourcecode.swift; path = SuperCoolTests.swift; sourceTree = "<group>"; };
		84FA146A1C60967F0025BB35 /* Info.plist */ = {isa = PBXFileReference; lastKnownFileType = text.plist.xml; path = Info.plist; sourceTree = "<group>"; };
		84FA146F1C60967F0025BB35 /* SuperCoolUITests.xctest */ = {isa = PBXFileReference; explicitFileType = wrapper.cfbundle; includeInIndex = 0; path = SuperCoolUITests.xctest; sourceTree = BUILT_PRODUCTS_DIR; };
		84FA14731C60967F0025BB35 /* SuperCoolUITests.swift */ = {isa = PBXFileReference; lastKnownFileType = sourcecode.swift; path = SuperCoolUITests.swift; sourceTree = "<group>"; };
		84FA14751C60967F0025BB35 /* Info.plist */ = {isa = PBXFileReference; lastKnownFileType = text.plist.xml; path = Info.plist; sourceTree = "<group>"; };
/* End PBXFileReference section */

/* Begin PBXFrameworksBuildPhase section */
		84FA144D1C60967E0025BB35 /* Frameworks */ = {
			isa = PBXFrameworksBuildPhase;
			buildActionMask = 2147483647;
			files = (
			);
			runOnlyForDeploymentPostprocessing = 0;
		};
		84FA14611C60967F0025BB35 /* Frameworks */ = {
			isa = PBXFrameworksBuildPhase;
			buildActionMask = 2147483647;
			files = (
			);
			runOnlyForDeploymentPostprocessing = 0;
		};
		84FA146C1C60967F0025BB35 /* Frameworks */ = {
			isa = PBXFrameworksBuildPhase;
			buildActionMask = 2147483647;
			files = (
			);
			runOnlyForDeploymentPostprocessing = 0;
		};
/* End PBXFrameworksBuildPhase section */

/* Begin PBXGroup section */
		84FA14471C60967E0025BB35 = {
			isa = PBXGroup;
			children = (
				84FA14521C60967F0025BB35 /* SuperCool */,
				84FA14671C60967F0025BB35 /* SuperCoolTests */,
				84FA14721C60967F0025BB35 /* SuperCoolUITests */,
				84FA14511C60967E0025BB35 /* Products */,
			);
			sourceTree = "<group>";
		};
		84FA14511C60967E0025BB35 /* Products */ = {
			isa = PBXGroup;
			children = (
				84FA14501C60967E0025BB35 /* SuperCool.app */,
				84FA14641C60967F0025BB35 /* SuperCoolTests.xctest */,
				84FA146F1C60967F0025BB35 /* SuperCoolUITests.xctest */,
			);
			name = Products;
			sourceTree = "<group>";
		};
		84FA14521C60967F0025BB35 /* SuperCool */ = {
			isa = PBXGroup;
			children = (
				84FA14531C60967F0025BB35 /* AppDelegate.swift */,
				84FA14551C60967F0025BB35 /* ViewController.swift */,
				84FA14571C60967F0025BB35 /* Main.storyboard */,
				84FA145A1C60967F0025BB35 /* Assets.xcassets */,
				84FA145C1C60967F0025BB35 /* LaunchScreen.storyboard */,
				84FA145F1C60967F0025BB35 /* Info.plist */,
			);
			path = SuperCool;
			sourceTree = "<group>";
		};
		84FA14671C60967F0025BB35 /* SuperCoolTests */ = {
			isa = PBXGroup;
			children = (
				84FA14681C60967F0025BB35 /* SuperCoolTests.swift */,
				84FA146A1C60967F0025BB35 /* Info.plist */,
			);
			path = SuperCoolTests;
			sourceTree = "<group>";
		};
		84FA14721C60967F0025BB35 /* SuperCoolUITests */ = {
			isa = PBXGroup;
			children = (
				84FA14731C60967F0025BB35 /* SuperCoolUITests.swift */,
				84FA14751C60967F0025BB35 /* Info.plist */,
			);
			path = SuperCoolUITests;
			sourceTree = "<group>";
		};
/* End PBXGroup section */

/* Begin PBXNativeTarget section */
		84FA144F1C60967E0025BB35 /* SuperCool */ = {
			isa = PBXNativeTarget;
			buildConfigurationList = 84FA14781C60967F0025BB35 /* Build configuration list for PBXNativeTarget "SuperCool" */;
			buildPhases = (
				84FA144C1C60967E0025BB35 /* Sources */,
				84FA144D1C60967E0025BB35 /* Frameworks */,
				84FA144E1C60967E0025BB35 /* Resources */,
			);
			buildRules = (
			);
			dependencies = (
			);
			name = SuperCool;
			productName = SuperCool;
			productReference = 84FA14501C60967E0025BB35 /* SuperCool.app */;
			productType = "com.apple.product-type.application";
		};
		84FA14631C60967F0025BB35 /* SuperCoolTests */ = {
			isa = PBXNativeTarget;
			buildConfigurationList = 84FA147B1C60967F0025BB35 /* Build configuration list for PBXNativeTarget "SuperCoolTests" */;
			buildPhases = (
				84FA14601C60967F0025BB35 /* Sources */,
				84FA14611C60967F0025BB35 /* Frameworks */,
				84FA14621C60967F0025BB35 /* Resources */,
			);
			buildRules = (
			);
			dependencies = (
				84FA14661C60967F0025BB35 /* PBXTargetDependency */,
			);
			name = SuperCoolTests;
			productName = SuperCoolTests;
			productReference = 84FA14641C60967F0025BB35 /* SuperCoolTests.xctest */;
			productType = "com.apple.product-type.bundle.unit-test";
		};
		84FA146E1C60967F0025BB35 /* SuperCoolUITests */ = {
			isa = PBXNativeTarget;
			buildConfigurationList = 84FA147E1C60967F0025BB35 /* Build configuration list for PBXNativeTarget "SuperCoolUITests" */;
			buildPhases = (
				84FA146B1C60967F0025BB35 /* Sources */,
				84FA146C1C60967F0025BB35 /* Frameworks */,
				84FA146D1C60967F0025BB35 /* Resources */,
			);
			buildRules = (
			);
			dependencies = (
				84FA14711C60967F0025BB35 /* PBXTargetDependency */,
			);
			name = SuperCoolUITests;
			productName = SuperCoolUITests;
			productReference = 84FA146F1C60967F0025BB35 /* SuperCoolUITests.xctest */;
			productType = "com.apple.product-type.bundle.ui-testing";
		};
/* End PBXNativeTarget section */

/* Begin PBXProject section */
		84FA14481C60967E0025BB35 /* Project object */ = {
			isa = PBXProject;
			attributes = {
				LastUpgradeCheck = 0700;
				ORGANIZATIONNAME = ZuYao;
				TargetAttributes = {
					84FA144F1C60967E0025BB35 = {
						CreatedOnToolsVersion = 7.0;
					};
					84FA14631C60967F0025BB35 = {
						CreatedOnToolsVersion = 7.0;
						TestTargetID = 84FA144F1C60967E0025BB35;
					};
					84FA146E1C60967F0025BB35 = {
						CreatedOnToolsVersion = 7.0;
						TestTargetID = 84FA144F1C60967E0025BB35;
					};
				};
			};
			buildConfigurationList = 84FA144B1C60967E0025BB35 /* Build configuration list for PBXProject "SuperCool" */;
			compatibilityVersion = "Xcode 3.2";
			developmentRegion = English;
			hasScannedForEncodings = 0;
			knownRegions = (
				en,
				Base,
			);
			mainGroup = 84FA14471C60967E0025BB35;
			productRefGroup = 84FA14511C60967E0025BB35 /* Products */;
			projectDirPath = "";
			projectRoot = "";
			targets = (
				84FA144F1C60967E0025BB35 /* SuperCool */,
				84FA14631C60967F0025BB35 /* SuperCoolTests */,
				84FA146E1C60967F0025BB35 /* SuperCoolUITests */,
			);
		};
/* End PBXProject section */

/* Begin PBXResourcesBuildPhase section */
		84FA144E1C60967E0025BB35 /* Resources */ = {
			isa = PBXResourcesBuildPhase;
			buildActionMask = 2147483647;
			files = (
				84FA145E1C60967F0025BB35 /* LaunchScreen.storyboard in Resources */,
				84FA145B1C60967F0025BB35 /* Assets.xcassets in Resources */,
				84FA14591C60967F0025BB35 /* Main.storyboard in Resources */,
			);
			runOnlyForDeploymentPostprocessing = 0;
		};
		84FA14621C60967F0025BB35 /* Resources */ = {
			isa = PBXResourcesBuildPhase;
			buildActionMask = 2147483647;
			files = (
			);
			runOnlyForDeploymentPostprocessing = 0;
		};
		84FA146D1C60967F0025BB35 /* Resources */ = {
			isa = PBXResourcesBuildPhase;
			buildActionMask = 2147483647;
			files = (
			);
			runOnlyForDeploymentPostprocessing = 0;
		};
/* End PBXResourcesBuildPhase section */

/* Begin PBXSourcesBuildPhase section */
		84FA144C1C60967E0025BB35 /* Sources */ = {
			isa = PBXSourcesBuildPhase;
			buildActionMask = 2147483647;
			files = (
				84FA14561C60967F0025BB35 /* ViewController.swift in Sources */,
				84FA14541C60967F0025BB35 /* AppDelegate.swift in Sources */,
			);
			runOnlyForDeploymentPostprocessing = 0;
		};
		84FA14601C60967F0025BB35 /* Sources */ = {
			isa = PBXSourcesBuildPhase;
			buildActionMask = 2147483647;
			files = (
				84FA14691C60967F0025BB35 /* SuperCoolTests.swift in Sources */,
			);
			runOnlyForDeploymentPostprocessing = 0;
		};
		84FA146B1C60967F0025BB35 /* Sources */ = {
			isa = PBXSourcesBuildPhase;
			buildActionMask = 2147483647;
			files = (
				84FA14741C60967F0025BB35 /* SuperCoolUITests.swift in Sources */,
			);
			runOnlyForDeploymentPostprocessing = 0;
		};
/* End PBXSourcesBuildPhase section */

/* Begin PBXTargetDependency section */
		84FA14661C60967F0025BB35 /* PBXTargetDependency */ = {
			isa = PBXTargetDependency;
			target = 84FA144F1C60967E0025BB35 /* SuperCool */;
			targetProxy = 84FA14651C60967F0025BB35 /* PBXContainerItemProxy */;
		};
		84FA14711C60967F0025BB35 /* PBXTargetDependency */ = {
			isa = PBXTargetDependency;
			target = 84FA144F1C60967E0025BB35 /* SuperCool */;
			targetProxy = 84FA14701C60967F0025BB35 /* PBXContainerItemProxy */;
		};
/* End PBXTargetDependency section */

/* Begin PBXVariantGroup section */
		84FA14571C60967F0025BB35 /* Main.storyboard */ = {
			isa = PBXVariantGroup;
			children = (
				84FA14581C60967F0025BB35 /* Base */,
			);
			name = Main.storyboard;
			sourceTree = "<group>";
		};
		84FA145C1C60967F0025BB35 /* LaunchScreen.storyboard */ = {
			isa = PBXVariantGroup;
			children = (
				84FA145D1C60967F0025BB35 /* Base */,
			);
			name = LaunchScreen.storyboard;
			sourceTree = "<group>";
		};
/* End PBXVariantGroup section */

/* Begin XCBuildConfiguration section */
		84FA14761C60967F0025BB35 /* Debug */ = {
			isa = XCBuildConfiguration;
			buildSettings = {
				ALWAYS_SEARCH_USER_PATHS = NO;
				CLANG_CXX_LANGUAGE_STANDARD = "gnu++0x";
				CLANG_CXX_LIBRARY = "libc++";
				CLANG_ENABLE_MODULES = YES;
				CLANG_ENABLE_OBJC_ARC = YES;
				CLANG_WARN_BOOL_CONVERSION = YES;
				CLANG_WARN_CONSTANT_CONVERSION = YES;
				CLANG_WARN_DIRECT_OBJC_ISA_USAGE = YES_ERROR;
				CLANG_WARN_EMPTY_BODY = YES;
				CLANG_WARN_ENUM_CONVERSION = YES;
				CLANG_WARN_INT_CONVERSION = YES;
				CLANG_WARN_OBJC_ROOT_CLASS = YES_ERROR;
				CLANG_WARN_UNREACHABLE_CODE = YES;
				CLANG_WARN__DUPLICATE_METHOD_MATCH = YES;
				"CODE_SIGN_IDENTITY[sdk=iphoneos*]" = "iPhone Developer";
				COPY_PHASE_STRIP = NO;
				DEBUG_INFORMATION_FORMAT = dwarf;
				ENABLE_STRICT_OBJC_MSGSEND = YES;
				ENABLE_TESTABILITY = YES;
				GCC_C_LANGUAGE_STANDARD = gnu99;
				GCC_DYNAMIC_NO_PIC = NO;
				GCC_NO_COMMON_BLOCKS = YES;
				GCC_OPTIMIZATION_LEVEL = 0;
				GCC_PREPROCESSOR_DEFINITIONS = (
					"DEBUG=1",
					"$(inherited)",
				);
				GCC_WARN_64_TO_32_BIT_CONVERSION = YES;
				GCC_WARN_ABOUT_RETURN_TYPE = YES_ERROR;
				GCC_WARN_UNDECLARED_SELECTOR = YES;
				GCC_WARN_UNINITIALIZED_AUTOS = YES_AGGRESSIVE;
				GCC_WARN_UNUSED_FUNCTION = YES;
				GCC_WARN_UNUSED_VARIABLE = YES;
				IPHONEOS_DEPLOYMENT_TARGET = 9.0;
				MTL_ENABLE_DEBUG_INFO = YES;
				ONLY_ACTIVE_ARCH = YES;
				SDKROOT = iphoneos;
				SWIFT_OPTIMIZATION_LEVEL = "-Onone";
			};
			name = Debug;
		};
		84FA14771C60967F0025BB35 /* Release */ = {
			isa = XCBuildConfiguration;
			buildSettings = {
				ALWAYS_SEARCH_USER_PATHS = NO;
				CLANG_CXX_LANGUAGE_STANDARD = "gnu++0x";
				CLANG_CXX_LIBRARY = "libc++";
				CLANG_ENABLE_MODULES = YES;
				CLANG_ENABLE_OBJC_ARC = YES;
				CLANG_WARN_BOOL_CONVERSION = YES;
				CLANG_WARN_CONSTANT_CONVERSION = YES;
				CLANG_WARN_DIRECT_OBJC_ISA_USAGE = YES_ERROR;
				CLANG_WARN_EMPTY_BODY = YES;
				CLANG_WARN_ENUM_CONVERSION = YES;
				CLANG_WARN_INT_CONVERSION = YES;
				CLANG_WARN_OBJC_ROOT_CLASS = YES_ERROR;
				CLANG_WARN_UNREACHABLE_CODE = YES;
				CLANG_WARN__DUPLICATE_METHOD_MATCH = YES;
				"CODE_SIGN_IDENTITY[sdk=iphoneos*]" = "iPhone Developer";
				COPY_PHASE_STRIP = NO;
				DEBUG_INFORMATION_FORMAT = "dwarf-with-dsym";
				ENABLE_NS_ASSERTIONS = NO;
				ENABLE_STRICT_OBJC_MSGSEND = YES;
				GCC_C_LANGUAGE_STANDARD = gnu99;
				GCC_NO_COMMON_BLOCKS = YES;
				GCC_WARN_64_TO_32_BIT_CONVERSION = YES;
				GCC_WARN_ABOUT_RETURN_TYPE = YES_ERROR;
				GCC_WARN_UNDECLARED_SELECTOR = YES;
				GCC_WARN_UNINITIALIZED_AUTOS = YES_AGGRESSIVE;
				GCC_WARN_UNUSED_FUNCTION = YES;
				GCC_WARN_UNUSED_VARIABLE = YES;
				IPHONEOS_DEPLOYMENT_TARGET = 9.0;
				MTL_ENABLE_DEBUG_INFO = NO;
				SDKROOT = iphoneos;
				VALIDATE_PRODUCT = YES;
			};
			name = Release;
		};
		84FA14791C60967F0025BB35 /* Debug */ = {
			isa = XCBuildConfiguration;
			buildSettings = {
				ASSETCATALOG_COMPILER_APPICON_NAME = AppIcon;
				INFOPLIST_FILE = SuperCool/Info.plist;
				LD_RUNPATH_SEARCH_PATHS = "$(inherited) @executable_path/Frameworks";
				PRODUCT_BUNDLE_IDENTIFIER = com.dev.SuperCool;
				PRODUCT_NAME = "$(TARGET_NAME)";
			};
			name = Debug;
		};
		84FA147A1C60967F0025BB35 /* Release */ = {
			isa = XCBuildConfiguration;
			buildSettings = {
				ASSETCATALOG_COMPILER_APPICON_NAME = AppIcon;
				INFOPLIST_FILE = SuperCool/Info.plist;
				LD_RUNPATH_SEARCH_PATHS = "$(inherited) @executable_path/Frameworks";
				PRODUCT_BUNDLE_IDENTIFIER = com.dev.SuperCool;
				PRODUCT_NAME = "$(TARGET_NAME)";
			};
			name = Release;
		};
		84FA147C1C60967F0025BB35 /* Debug */ = {
			isa = XCBuildConfiguration;
			buildSettings = {
				BUNDLE_LOADER = "$(TEST_HOST)";
				INFOPLIST_FILE = SuperCoolTests/Info.plist;
				LD_RUNPATH_SEARCH_PATHS = "$(inherited) @executable_path/Frameworks @loader_path/Frameworks";
				PRODUCT_BUNDLE_IDENTIFIER = com.dev.SuperCoolTests;
				PRODUCT_NAME = "$(TARGET_NAME)";
				TEST_HOST = "$(BUILT_PRODUCTS_DIR)/SuperCool.app/SuperCool";
			};
			name = Debug;
		};
		84FA147D1C60967F0025BB35 /* Release */ = {
			isa = XCBuildConfiguration;
			buildSettings = {
				BUNDLE_LOADER = "$(TEST_HOST)";
				INFOPLIST_FILE = SuperCoolTests/Info.plist;
				LD_RUNPATH_SEARCH_PATHS = "$(inherited) @executable_path/Frameworks @loader_path/Frameworks";
				PRODUCT_BUNDLE_IDENTIFIER = com.dev.SuperCoolTests;
				PRODUCT_NAME = "$(TARGET_NAME)";
				TEST_HOST = "$(BUILT_PRODUCTS_DIR)/SuperCool.app/SuperCool";
			};
			name = Release;
		};
		84FA147F1C60967F0025BB35 /* Debug */ = {
			isa = XCBuildConfiguration;
			buildSettings = {
				INFOPLIST_FILE = SuperCoolUITests/Info.plist;
				LD_RUNPATH_SEARCH_PATHS = "$(inherited) @executable_path/Frameworks @loader_path/Frameworks";
				PRODUCT_BUNDLE_IDENTIFIER = com.dev.SuperCoolUITests;
				PRODUCT_NAME = "$(TARGET_NAME)";
				TEST_TARGET_NAME = SuperCool;
				USES_XCTRUNNER = YES;
			};
			name = Debug;
		};
		84FA14801C60967F0025BB35 /* Release */ = {
			isa = XCBuildConfiguration;
			buildSettings = {
				INFOPLIST_FILE = SuperCoolUITests/Info.plist;
				LD_RUNPATH_SEARCH_PATHS = "$(inherited) @executable_path/Frameworks @loader_path/Frameworks";
				PRODUCT_BUNDLE_IDENTIFIER = com.dev.SuperCoolUITests;
				PRODUCT_NAME = "$(TARGET_NAME)";
				TEST_TARGET_NAME = SuperCool;
				USES_XCTRUNNER = YES;
			};
			name = Release;
		};
/* End XCBuildConfiguration section */

/* Begin XCConfigurationList section */
		84FA144B1C60967E0025BB35 /* Build configuration list for PBXProject "SuperCool" */ = {
			isa = XCConfigurationList;
			buildConfigurations = (
				84FA14761C60967F0025BB35 /* Debug */,
				84FA14771C60967F0025BB35 /* Release */,
			);
			defaultConfigurationIsVisible = 0;
			defaultConfigurationName = Release;
		};
		84FA14781C60967F0025BB35 /* Build configuration list for PBXNativeTarget "SuperCool" */ = {
			isa = XCConfigurationList;
			buildConfigurations = (
				84FA14791C60967F0025BB35 /* Debug */,
				84FA147A1C60967F0025BB35 /* Release */,
			);
			defaultConfigurationIsVisible = 0;
		};
		84FA147B1C60967F0025BB35 /* Build configuration list for PBXNativeTarget "SuperCoolTests" */ = {
			isa = XCConfigurationList;
			buildConfigurations = (
				84FA147C1C60967F0025BB35 /* Debug */,
				84FA147D1C60967F0025BB35 /* Release */,
			);
			defaultConfigurationIsVisible = 0;
		};
		84FA147E1C60967F0025BB35 /* Build configuration list for PBXNativeTarget "SuperCoolUITests" */ = {
			isa = XCConfigurationList;
			buildConfigurations = (
				84FA147F1C60967F0025BB35 /* Debug */,
				84FA14801C60967F0025BB35 /* Release */,
			);
			defaultConfigurationIsVisible = 0;
		};
/* End XCConfigurationList section */
	};
	rootObject = 84FA14481C60967E0025BB35 /* Project object */;
}
